// !$*UTF8*$!
{
	archiveVersion = 1;
	classes = {
	};
	objectVersion = 56;
	objects = {

/* Begin PBXBuildFile section */
		B0896A3029864ACD0036F4A6 /* ResponseCollectionViewCell.swift in Sources */ = {isa = PBXBuildFile; fileRef = B0896A2F29864ACD0036F4A6 /* ResponseCollectionViewCell.swift */; };
		B0896A33298650880036F4A6 /* SDWebImage in Frameworks */ = {isa = PBXBuildFile; productRef = B0896A32298650880036F4A6 /* SDWebImage */; };
		B0896A35298650880036F4A6 /* SDWebImageMapKit in Frameworks */ = {isa = PBXBuildFile; productRef = B0896A34298650880036F4A6 /* SDWebImageMapKit */; };
		B0A6E88A29499373006D94D7 /* AppDelegate.swift in Sources */ = {isa = PBXBuildFile; fileRef = B0A6E88929499373006D94D7 /* AppDelegate.swift */; };
		B0A6E88C29499373006D94D7 /* SceneDelegate.swift in Sources */ = {isa = PBXBuildFile; fileRef = B0A6E88B29499373006D94D7 /* SceneDelegate.swift */; };
		B0A6E89129499373006D94D7 /* Main.storyboard in Resources */ = {isa = PBXBuildFile; fileRef = B0A6E88F29499373006D94D7 /* Main.storyboard */; };
		B0A6E89329499374006D94D7 /* Assets.xcassets in Resources */ = {isa = PBXBuildFile; fileRef = B0A6E89229499374006D94D7 /* Assets.xcassets */; };
		B0A6E89629499374006D94D7 /* LaunchScreen.storyboard in Resources */ = {isa = PBXBuildFile; fileRef = B0A6E89429499374006D94D7 /* LaunchScreen.storyboard */; };
		B0A6E8A2294994F5006D94D7 /* CollectionViewTableViewCell.swift in Sources */ = {isa = PBXBuildFile; fileRef = B0A6E8A1294994F5006D94D7 /* CollectionViewTableViewCell.swift */; };
		B0A6E8A6294995A1006D94D7 /* FoodHeaderUIView.swift in Sources */ = {isa = PBXBuildFile; fileRef = B0A6E8A5294995A1006D94D7 /* FoodHeaderUIView.swift */; };
		B0A6E8A8294997E9006D94D7 /* HomeViewController.swift in Sources */ = {isa = PBXBuildFile; fileRef = B0A6E8A7294997E9006D94D7 /* HomeViewController.swift */; };
		B0A6E8AA29499852006D94D7 /* UpcomingViewController.swift in Sources */ = {isa = PBXBuildFile; fileRef = B0A6E8A929499852006D94D7 /* UpcomingViewController.swift */; };
		B0A6E8AC2949988B006D94D7 /* SearchViewController.swift in Sources */ = {isa = PBXBuildFile; fileRef = B0A6E8AB2949988B006D94D7 /* SearchViewController.swift */; };
		B0A6E8AE294998AA006D94D7 /* DownloadsViewController.swift in Sources */ = {isa = PBXBuildFile; fileRef = B0A6E8AD294998AA006D94D7 /* DownloadsViewController.swift */; };
		B0A6E8B029499A31006D94D7 /* MainTabBarViewController.swift in Sources */ = {isa = PBXBuildFile; fileRef = B0A6E8AF29499A31006D94D7 /* MainTabBarViewController.swift */; };
		B0E8E8D829843F3C0019F43F /* APICaller.swift in Sources */ = {isa = PBXBuildFile; fileRef = B0E8E8D729843F3C0019F43F /* APICaller.swift */; };
		B0E8E8DC2984475B0019F43F /* Food.swift in Sources */ = {isa = PBXBuildFile; fileRef = B0E8E8DB2984475B0019F43F /* Food.swift */; };
/* End PBXBuildFile section */

/* Begin PBXFileReference section */
		B0896A2F29864ACD0036F4A6 /* ResponseCollectionViewCell.swift */ = {isa = PBXFileReference; lastKnownFileType = sourcecode.swift; path = ResponseCollectionViewCell.swift; sourceTree = "<group>"; };
		B0A6E88629499373006D94D7 /* Receipie App.app */ = {isa = PBXFileReference; explicitFileType = wrapper.application; includeInIndex = 0; path = "Receipie App.app"; sourceTree = BUILT_PRODUCTS_DIR; };
		B0A6E88929499373006D94D7 /* AppDelegate.swift */ = {isa = PBXFileReference; lastKnownFileType = sourcecode.swift; path = AppDelegate.swift; sourceTree = "<group>"; };
		B0A6E88B29499373006D94D7 /* SceneDelegate.swift */ = {isa = PBXFileReference; lastKnownFileType = sourcecode.swift; path = SceneDelegate.swift; sourceTree = "<group>"; };
		B0A6E89029499373006D94D7 /* Base */ = {isa = PBXFileReference; lastKnownFileType = file.storyboard; name = Base; path = Base.lproj/Main.storyboard; sourceTree = "<group>"; };
		B0A6E89229499374006D94D7 /* Assets.xcassets */ = {isa = PBXFileReference; lastKnownFileType = folder.assetcatalog; path = Assets.xcassets; sourceTree = "<group>"; };
		B0A6E89529499374006D94D7 /* Base */ = {isa = PBXFileReference; lastKnownFileType = file.storyboard; name = Base; path = Base.lproj/LaunchScreen.storyboard; sourceTree = "<group>"; };
		B0A6E89729499374006D94D7 /* Info.plist */ = {isa = PBXFileReference; lastKnownFileType = text.plist.xml; path = Info.plist; sourceTree = "<group>"; };
		B0A6E8A1294994F5006D94D7 /* CollectionViewTableViewCell.swift */ = {isa = PBXFileReference; lastKnownFileType = sourcecode.swift; path = CollectionViewTableViewCell.swift; sourceTree = "<group>"; };
		B0A6E8A5294995A1006D94D7 /* FoodHeaderUIView.swift */ = {isa = PBXFileReference; lastKnownFileType = sourcecode.swift; path = FoodHeaderUIView.swift; sourceTree = "<group>"; };
		B0A6E8A7294997E9006D94D7 /* HomeViewController.swift */ = {isa = PBXFileReference; lastKnownFileType = sourcecode.swift; path = HomeViewController.swift; sourceTree = "<group>"; };
		B0A6E8A929499852006D94D7 /* UpcomingViewController.swift */ = {isa = PBXFileReference; lastKnownFileType = sourcecode.swift; path = UpcomingViewController.swift; sourceTree = "<group>"; };
		B0A6E8AB2949988B006D94D7 /* SearchViewController.swift */ = {isa = PBXFileReference; lastKnownFileType = sourcecode.swift; path = SearchViewController.swift; sourceTree = "<group>"; };
		B0A6E8AD294998AA006D94D7 /* DownloadsViewController.swift */ = {isa = PBXFileReference; lastKnownFileType = sourcecode.swift; path = DownloadsViewController.swift; sourceTree = "<group>"; };
		B0A6E8AF29499A31006D94D7 /* MainTabBarViewController.swift */ = {isa = PBXFileReference; lastKnownFileType = sourcecode.swift; path = MainTabBarViewController.swift; sourceTree = "<group>"; };
		B0E8E8D729843F3C0019F43F /* APICaller.swift */ = {isa = PBXFileReference; lastKnownFileType = sourcecode.swift; path = APICaller.swift; sourceTree = "<group>"; };
		B0E8E8DB2984475B0019F43F /* Food.swift */ = {isa = PBXFileReference; lastKnownFileType = sourcecode.swift; path = Food.swift; sourceTree = "<group>"; };
/* End PBXFileReference section */

/* Begin PBXFrameworksBuildPhase section */
		B0A6E88329499373006D94D7 /* Frameworks */ = {
			isa = PBXFrameworksBuildPhase;
			buildActionMask = 2147483647;
			files = (
				B0896A35298650880036F4A6 /* SDWebImageMapKit in Frameworks */,
				B0896A33298650880036F4A6 /* SDWebImage in Frameworks */,
			);
			runOnlyForDeploymentPostprocessing = 0;
		};
/* End PBXFrameworksBuildPhase section */

/* Begin PBXGroup section */
		B0A6E87D29499373006D94D7 = {
			isa = PBXGroup;
			children = (
				B0A6E88829499373006D94D7 /* Receipie App */,
				B0A6E88729499373006D94D7 /* Products */,
			);
			sourceTree = "<group>";
		};
		B0A6E88729499373006D94D7 /* Products */ = {
			isa = PBXGroup;
			children = (
				B0A6E88629499373006D94D7 /* Receipie App.app */,
			);
			name = Products;
			sourceTree = "<group>";
		};
		B0A6E88829499373006D94D7 /* Receipie App */ = {
			isa = PBXGroup;
			children = (
				B0A6E89D2949942D006D94D7 /* Managers */,
				B0A6E89E29499446006D94D7 /* Resources */,
				B0A6E89F29499459006D94D7 /* Models */,
				B0A6E8A02949946A006D94D7 /* Views */,
				B0A6E8A329499511006D94D7 /* ViewModeles */,
				B0A6E8A429499535006D94D7 /* Controllers */,
				B0A6E88929499373006D94D7 /* AppDelegate.swift */,
				B0A6E88B29499373006D94D7 /* SceneDelegate.swift */,
				B0A6E8AF29499A31006D94D7 /* MainTabBarViewController.swift */,
				B0A6E88F29499373006D94D7 /* Main.storyboard */,
				B0A6E89229499374006D94D7 /* Assets.xcassets */,
				B0A6E89429499374006D94D7 /* LaunchScreen.storyboard */,
				B0A6E89729499374006D94D7 /* Info.plist */,
			);
			path = "Receipie App";
			sourceTree = "<group>";
		};
		B0A6E89D2949942D006D94D7 /* Managers */ = {
			isa = PBXGroup;
			children = (
				B0E8E8D729843F3C0019F43F /* APICaller.swift */,
			);
			path = Managers;
			sourceTree = "<group>";
		};
		B0A6E89E29499446006D94D7 /* Resources */ = {
			isa = PBXGroup;
			children = (
			);
			path = Resources;
			sourceTree = "<group>";
		};
		B0A6E89F29499459006D94D7 /* Models */ = {
			isa = PBXGroup;
			children = (
				B0E8E8DB2984475B0019F43F /* Food.swift */,
			);
			path = Models;
			sourceTree = "<group>";
		};
		B0A6E8A02949946A006D94D7 /* Views */ = {
			isa = PBXGroup;
			children = (
				B0A6E8A1294994F5006D94D7 /* CollectionViewTableViewCell.swift */,
				B0A6E8A5294995A1006D94D7 /* FoodHeaderUIView.swift */,
				B0896A2F29864ACD0036F4A6 /* ResponseCollectionViewCell.swift */,
			);
			path = Views;
			sourceTree = "<group>";
		};
		B0A6E8A329499511006D94D7 /* ViewModeles */ = {
			isa = PBXGroup;
			children = (
			);
			path = ViewModeles;
			sourceTree = "<group>";
		};
		B0A6E8A429499535006D94D7 /* Controllers */ = {
			isa = PBXGroup;
			children = (
				B0A6E8A7294997E9006D94D7 /* HomeViewController.swift */,
				B0A6E8A929499852006D94D7 /* UpcomingViewController.swift */,
				B0A6E8AB2949988B006D94D7 /* SearchViewController.swift */,
				B0A6E8AD294998AA006D94D7 /* DownloadsViewController.swift */,
			);
			path = Controllers;
			sourceTree = "<group>";
		};
/* End PBXGroup section */

/* Begin PBXNativeTarget section */
		B0A6E88529499373006D94D7 /* Receipie App */ = {
			isa = PBXNativeTarget;
			buildConfigurationList = B0A6E89A29499374006D94D7 /* Build configuration list for PBXNativeTarget "Receipie App" */;
			buildPhases = (
				B0A6E88229499373006D94D7 /* Sources */,
				B0A6E88329499373006D94D7 /* Frameworks */,
				B0A6E88429499373006D94D7 /* Resources */,
			);
			buildRules = (
			);
			dependencies = (
			);
			name = "Receipie App";
			packageProductDependencies = (
				B0896A32298650880036F4A6 /* SDWebImage */,
				B0896A34298650880036F4A6 /* SDWebImageMapKit */,
			);
			productName = "Receipie App";
			productReference = B0A6E88629499373006D94D7 /* Receipie App.app */;
			productType = "com.apple.product-type.application";
		};
/* End PBXNativeTarget section */

/* Begin PBXProject section */
		B0A6E87E29499373006D94D7 /* Project object */ = {
			isa = PBXProject;
			attributes = {
				BuildIndependentTargetsInParallel = 1;
				LastSwiftUpdateCheck = 1400;
				LastUpgradeCheck = 1400;
				TargetAttributes = {
					B0A6E88529499373006D94D7 = {
						CreatedOnToolsVersion = 14.0;
					};
				};
			};
			buildConfigurationList = B0A6E88129499373006D94D7 /* Build configuration list for PBXProject "Receipie App" */;
			compatibilityVersion = "Xcode 14.0";
			developmentRegion = en;
			hasScannedForEncodings = 0;
			knownRegions = (
				en,
				Base,
			);
			mainGroup = B0A6E87D29499373006D94D7;
			packageReferences = (
				B0896A31298650870036F4A6 /* XCRemoteSwiftPackageReference "SDWebImage" */,
			);
			productRefGroup = B0A6E88729499373006D94D7 /* Products */;
			projectDirPath = "";
			projectRoot = "";
			targets = (
				B0A6E88529499373006D94D7 /* Receipie App */,
			);
		};
/* End PBXProject section */

/* Begin PBXResourcesBuildPhase section */
		B0A6E88429499373006D94D7 /* Resources */ = {
			isa = PBXResourcesBuildPhase;
			buildActionMask = 2147483647;
			files = (
				B0A6E89629499374006D94D7 /* LaunchScreen.storyboard in Resources */,
				B0A6E89329499374006D94D7 /* Assets.xcassets in Resources */,
				B0A6E89129499373006D94D7 /* Main.storyboard in Resources */,
			);
			runOnlyForDeploymentPostprocessing = 0;
		};
/* End PBXResourcesBuildPhase section */

/* Begin PBXSourcesBuildPhase section */
		B0A6E88229499373006D94D7 /* Sources */ = {
			isa = PBXSourcesBuildPhase;
			buildActionMask = 2147483647;
			files = (
				B0E8E8DC2984475B0019F43F /* Food.swift in Sources */,
				B0A6E8A6294995A1006D94D7 /* FoodHeaderUIView.swift in Sources */,
				B0896A3029864ACD0036F4A6 /* ResponseCollectionViewCell.swift in Sources */,
				B0A6E8AC2949988B006D94D7 /* SearchViewController.swift in Sources */,
				B0A6E88A29499373006D94D7 /* AppDelegate.swift in Sources */,
				B0E8E8D829843F3C0019F43F /* APICaller.swift in Sources */,
				B0A6E8B029499A31006D94D7 /* MainTabBarViewController.swift in Sources */,
				B0A6E8A2294994F5006D94D7 /* CollectionViewTableViewCell.swift in Sources */,
				B0A6E8AE294998AA006D94D7 /* DownloadsViewController.swift in Sources */,
				B0A6E88C29499373006D94D7 /* SceneDelegate.swift in Sources */,
				B0A6E8AA29499852006D94D7 /* UpcomingViewController.swift in Sources */,
				B0A6E8A8294997E9006D94D7 /* HomeViewController.swift in Sources */,
			);
			runOnlyForDeploymentPostprocessing = 0;
		};
/* End PBXSourcesBuildPhase section */

/* Begin PBXVariantGroup section */
		B0A6E88F29499373006D94D7 /* Main.storyboard */ = {
			isa = PBXVariantGroup;
			children = (
				B0A6E89029499373006D94D7 /* Base */,
			);
			name = Main.storyboard;
			sourceTree = "<group>";
		};
		B0A6E89429499374006D94D7 /* LaunchScreen.storyboard */ = {
			isa = PBXVariantGroup;
			children = (
				B0A6E89529499374006D94D7 /* Base */,
			);
			name = LaunchScreen.storyboard;
			sourceTree = "<group>";
		};
/* End PBXVariantGroup section */

/* Begin XCBuildConfiguration section */
		B0A6E89829499374006D94D7 /* Debug */ = {
			isa = XCBuildConfiguration;
			buildSettings = {
				ALWAYS_SEARCH_USER_PATHS = NO;
				CLANG_ANALYZER_NONNULL = YES;
				CLANG_ANALYZER_NUMBER_OBJECT_CONVERSION = YES_AGGRESSIVE;
				CLANG_CXX_LANGUAGE_STANDARD = "gnu++20";
				CLANG_ENABLE_MODULES = YES;
				CLANG_ENABLE_OBJC_ARC = YES;
				CLANG_ENABLE_OBJC_WEAK = YES;
				CLANG_WARN_BLOCK_CAPTURE_AUTORELEASING = YES;
				CLANG_WARN_BOOL_CONVERSION = YES;
				CLANG_WARN_COMMA = YES;
				CLANG_WARN_CONSTANT_CONVERSION = YES;
				CLANG_WARN_DEPRECATED_OBJC_IMPLEMENTATIONS = YES;
				CLANG_WARN_DIRECT_OBJC_ISA_USAGE = YES_ERROR;
				CLANG_WARN_DOCUMENTATION_COMMENTS = YES;
				CLANG_WARN_EMPTY_BODY = YES;
				CLANG_WARN_ENUM_CONVERSION = YES;
				CLANG_WARN_INFINITE_RECURSION = YES;
				CLANG_WARN_INT_CONVERSION = YES;
				CLANG_WARN_NON_LITERAL_NULL_CONVERSION = YES;
				CLANG_WARN_OBJC_IMPLICIT_RETAIN_SELF = YES;
				CLANG_WARN_OBJC_LITERAL_CONVERSION = YES;
				CLANG_WARN_OBJC_ROOT_CLASS = YES_ERROR;
				CLANG_WARN_QUOTED_INCLUDE_IN_FRAMEWORK_HEADER = YES;
				CLANG_WARN_RANGE_LOOP_ANALYSIS = YES;
				CLANG_WARN_STRICT_PROTOTYPES = YES;
				CLANG_WARN_SUSPICIOUS_MOVE = YES;
				CLANG_WARN_UNGUARDED_AVAILABILITY = YES_AGGRESSIVE;
				CLANG_WARN_UNREACHABLE_CODE = YES;
				CLANG_WARN__DUPLICATE_METHOD_MATCH = YES;
				COPY_PHASE_STRIP = NO;
				DEBUG_INFORMATION_FORMAT = dwarf;
				ENABLE_STRICT_OBJC_MSGSEND = YES;
				ENABLE_TESTABILITY = YES;
				GCC_C_LANGUAGE_STANDARD = gnu11;
				GCC_DYNAMIC_NO_PIC = NO;
				GCC_NO_COMMON_BLOCKS = YES;
				GCC_OPTIMIZATION_LEVEL = 0;
				GCC_PREPROCESSOR_DEFINITIONS = (
					"DEBUG=1",
					"$(inherited)",
				);
				GCC_WARN_64_TO_32_BIT_CONVERSION = YES;
				GCC_WARN_ABOUT_RETURN_TYPE = YES_ERROR;
				GCC_WARN_UNDECLARED_SELECTOR = YES;
				GCC_WARN_UNINITIALIZED_AUTOS = YES_AGGRESSIVE;
				GCC_WARN_UNUSED_FUNCTION = YES;
				GCC_WARN_UNUSED_VARIABLE = YES;
				IPHONEOS_DEPLOYMENT_TARGET = 16.0;
				MTL_ENABLE_DEBUG_INFO = INCLUDE_SOURCE;
				MTL_FAST_MATH = YES;
				ONLY_ACTIVE_ARCH = YES;
				SDKROOT = iphoneos;
				SWIFT_ACTIVE_COMPILATION_CONDITIONS = DEBUG;
				SWIFT_OPTIMIZATION_LEVEL = "-Onone";
			};
			name = Debug;
		};
		B0A6E89929499374006D94D7 /* Release */ = {
			isa = XCBuildConfiguration;
			buildSettings = {
				ALWAYS_SEARCH_USER_PATHS = NO;
				CLANG_ANALYZER_NONNULL = YES;
				CLANG_ANALYZER_NUMBER_OBJECT_CONVERSION = YES_AGGRESSIVE;
				CLANG_CXX_LANGUAGE_STANDARD = "gnu++20";
				CLANG_ENABLE_MODULES = YES;
				CLANG_ENABLE_OBJC_ARC = YES;
				CLANG_ENABLE_OBJC_WEAK = YES;
				CLANG_WARN_BLOCK_CAPTURE_AUTORELEASING = YES;
				CLANG_WARN_BOOL_CONVERSION = YES;
				CLANG_WARN_COMMA = YES;
				CLANG_WARN_CONSTANT_CONVERSION = YES;
				CLANG_WARN_DEPRECATED_OBJC_IMPLEMENTATIONS = YES;
				CLANG_WARN_DIRECT_OBJC_ISA_USAGE = YES_ERROR;
				CLANG_WARN_DOCUMENTATION_COMMENTS = YES;
				CLANG_WARN_EMPTY_BODY = YES;
				CLANG_WARN_ENUM_CONVERSION = YES;
				CLANG_WARN_INFINITE_RECURSION = YES;
				CLANG_WARN_INT_CONVERSION = YES;
				CLANG_WARN_NON_LITERAL_NULL_CONVERSION = YES;
				CLANG_WARN_OBJC_IMPLICIT_RETAIN_SELF = YES;
				CLANG_WARN_OBJC_LITERAL_CONVERSION = YES;
				CLANG_WARN_OBJC_ROOT_CLASS = YES_ERROR;
				CLANG_WARN_QUOTED_INCLUDE_IN_FRAMEWORK_HEADER = YES;
				CLANG_WARN_RANGE_LOOP_ANALYSIS = YES;
				CLANG_WARN_STRICT_PROTOTYPES = YES;
				CLANG_WARN_SUSPICIOUS_MOVE = YES;
				CLANG_WARN_UNGUARDED_AVAILABILITY = YES_AGGRESSIVE;
				CLANG_WARN_UNREACHABLE_CODE = YES;
				CLANG_WARN__DUPLICATE_METHOD_MATCH = YES;
				COPY_PHASE_STRIP = NO;
				DEBUG_INFORMATION_FORMAT = "dwarf-with-dsym";
				ENABLE_NS_ASSERTIONS = NO;
				ENABLE_STRICT_OBJC_MSGSEND = YES;
				GCC_C_LANGUAGE_STANDARD = gnu11;
				GCC_NO_COMMON_BLOCKS = YES;
				GCC_WARN_64_TO_32_BIT_CONVERSION = YES;
				GCC_WARN_ABOUT_RETURN_TYPE = YES_ERROR;
				GCC_WARN_UNDECLARED_SELECTOR = YES;
				GCC_WARN_UNINITIALIZED_AUTOS = YES_AGGRESSIVE;
				GCC_WARN_UNUSED_FUNCTION = YES;
				GCC_WARN_UNUSED_VARIABLE = YES;
				IPHONEOS_DEPLOYMENT_TARGET = 16.0;
				MTL_ENABLE_DEBUG_INFO = NO;
				MTL_FAST_MATH = YES;
				SDKROOT = iphoneos;
				SWIFT_COMPILATION_MODE = wholemodule;
				SWIFT_OPTIMIZATION_LEVEL = "-O";
				VALIDATE_PRODUCT = YES;
			};
			name = Release;
		};
		B0A6E89B29499374006D94D7 /* Debug */ = {
			isa = XCBuildConfiguration;
			buildSettings = {
				ASSETCATALOG_COMPILER_APPICON_NAME = AppIcon;
				ASSETCATALOG_COMPILER_GLOBAL_ACCENT_COLOR_NAME = AccentColor;
				CODE_SIGN_STYLE = Automatic;
				CURRENT_PROJECT_VERSION = 1;
				GENERATE_INFOPLIST_FILE = YES;
				INFOPLIST_FILE = "Receipie App/Info.plist";
				INFOPLIST_KEY_UIApplicationSupportsIndirectInputEvents = YES;
				INFOPLIST_KEY_UILaunchStoryboardName = LaunchScreen;
				INFOPLIST_KEY_UIMainStoryboardFile = Main;
				INFOPLIST_KEY_UISupportedInterfaceOrientations_iPad = "UIInterfaceOrientationPortrait UIInterfaceOrientationPortraitUpsideDown UIInterfaceOrientationLandscapeLeft UIInterfaceOrientationLandscapeRight";
				INFOPLIST_KEY_UISupportedInterfaceOrientations_iPhone = "UIInterfaceOrientationPortrait UIInterfaceOrientationLandscapeLeft UIInterfaceOrientationLandscapeRight";
				IPHONEOS_DEPLOYMENT_TARGET = 16.0;
				LD_RUNPATH_SEARCH_PATHS = (
					"$(inherited)",
					"@executable_path/Frameworks",
				);
				MARKETING_VERSION = 1.0;
				PRODUCT_BUNDLE_IDENTIFIER = "lk.Nibm.Receipie-App";
				PRODUCT_NAME = "$(TARGET_NAME)";
				SWIFT_EMIT_LOC_STRINGS = YES;
				SWIFT_VERSION = 5.0;
				TARGETED_DEVICE_FAMILY = "1,2";
			};
			name = Debug;
		};
		B0A6E89C29499374006D94D7 /* Release */ = {
			isa = XCBuildConfiguration;
			buildSettings = {
				ASSETCATALOG_COMPILER_APPICON_NAME = AppIcon;
				ASSETCATALOG_COMPILER_GLOBAL_ACCENT_COLOR_NAME = AccentColor;
				CODE_SIGN_STYLE = Automatic;
				CURRENT_PROJECT_VERSION = 1;
				GENERATE_INFOPLIST_FILE = YES;
				INFOPLIST_FILE = "Receipie App/Info.plist";
				INFOPLIST_KEY_UIApplicationSupportsIndirectInputEvents = YES;
				INFOPLIST_KEY_UILaunchStoryboardName = LaunchScreen;
				INFOPLIST_KEY_UIMainStoryboardFile = Main;
				INFOPLIST_KEY_UISupportedInterfaceOrientations_iPad = "UIInterfaceOrientationPortrait UIInterfaceOrientationPortraitUpsideDown UIInterfaceOrientationLandscapeLeft UIInterfaceOrientationLandscapeRight";
				INFOPLIST_KEY_UISupportedInterfaceOrientations_iPhone = "UIInterfaceOrientationPortrait UIInterfaceOrientationLandscapeLeft UIInterfaceOrientationLandscapeRight";
				IPHONEOS_DEPLOYMENT_TARGET = 16.0;
				LD_RUNPATH_SEARCH_PATHS = (
					"$(inherited)",
					"@executable_path/Frameworks",
				);
				MARKETING_VERSION = 1.0;
				PRODUCT_BUNDLE_IDENTIFIER = "lk.Nibm.Receipie-App";
				PRODUCT_NAME = "$(TARGET_NAME)";
				SWIFT_EMIT_LOC_STRINGS = YES;
				SWIFT_VERSION = 5.0;
				TARGETED_DEVICE_FAMILY = "1,2";
			};
			name = Release;
		};
/* End XCBuildConfiguration section */

/* Begin XCConfigurationList section */
		B0A6E88129499373006D94D7 /* Build configuration list for PBXProject "Receipie App" */ = {
			isa = XCConfigurationList;
			buildConfigurations = (
				B0A6E89829499374006D94D7 /* Debug */,
				B0A6E89929499374006D94D7 /* Release */,
			);
			defaultConfigurationIsVisible = 0;
			defaultConfigurationName = Release;
		};
		B0A6E89A29499374006D94D7 /* Build configuration list for PBXNativeTarget "Receipie App" */ = {
			isa = XCConfigurationList;
			buildConfigurations = (
				B0A6E89B29499374006D94D7 /* Debug */,
				B0A6E89C29499374006D94D7 /* Release */,
			);
			defaultConfigurationIsVisible = 0;
			defaultConfigurationName = Release;
		};
/* End XCConfigurationList section */

/* Begin XCRemoteSwiftPackageReference section */
		B0896A31298650870036F4A6 /* XCRemoteSwiftPackageReference "SDWebImage" */ = {
			isa = XCRemoteSwiftPackageReference;
			repositoryURL = "https://github.com/SDWebImage/SDWebImage.git";
			requirement = {
				branch = master;
				kind = branch;
			};
		};
/* End XCRemoteSwiftPackageReference section */

/* Begin XCSwiftPackageProductDependency section */
		B0896A32298650880036F4A6 /* SDWebImage */ = {
			isa = XCSwiftPackageProductDependency;
			package = B0896A31298650870036F4A6 /* XCRemoteSwiftPackageReference "SDWebImage" */;
			productName = SDWebImage;
		};
		B0896A34298650880036F4A6 /* SDWebImageMapKit */ = {
			isa = XCSwiftPackageProductDependency;
			package = B0896A31298650870036F4A6 /* XCRemoteSwiftPackageReference "SDWebImage" */;
			productName = SDWebImageMapKit;
		};
/* End XCSwiftPackageProductDependency section */
	};
	rootObject = B0A6E87E29499373006D94D7 /* Project object */;
}
